
Microsoft Visual Studio Solution File, Format Version 12.00
# Visual Studio Version 16
VisualStudioVersion = 16.0.29920.165
MinimumVisualStudioVersion = 10.0.40219.1
Project("{FAE04EC0-301F-11D3-BF4B-00C04F79EFBC}") = "Dev4", "Dev4\Dev4.csproj", "{00E8E94C-EAFE-4BE5-8DE8-8786EDA7F978}"
EndProject
Project("{FAE04EC0-301F-11D3-BF4B-00C04F79EFBC}") = "TestsDev4", "TestFlying\TestsDev4.csproj", "{64F475B1-75D0-48F3-9A3F-872A8E5B71F9}"
EndProject
Global
	GlobalSection(SolutionConfigurationPlatforms) = preSolution
		Debug|Any CPU = Debug|Any CPU
		Release|Any CPU = Release|Any CPU
	EndGlobalSection
	GlobalSection(ProjectConfigurationPlatforms) = postSolution
		{00E8E94C-EAFE-4BE5-8DE8-8786EDA7F978}.Debug|Any CPU.ActiveCfg = Debug|Any CPU
		{00E8E94C-EAFE-4BE5-8DE8-8786EDA7F978}.Debug|Any CPU.Build.0 = Debug|Any CPU
		{00E8E94C-EAFE-4BE5-8DE8-8786EDA7F978}.Release|Any CPU.ActiveCfg = Release|Any CPU
		{00E8E94C-EAFE-4BE5-8DE8-8786EDA7F978}.Release|Any CPU.Build.0 = Release|Any CPU
		{64F475B1-75D0-48F3-9A3F-872A8E5B71F9}.Debug|Any CPU.ActiveCfg = Debug|Any CPU
		{64F475B1-75D0-48F3-9A3F-872A8E5B71F9}.Debug|Any CPU.Build.0 = Debug|Any CPU
		{64F475B1-75D0-48F3-9A3F-872A8E5B71F9}.Release|Any CPU.ActiveCfg = Release|Any CPU
		{64F475B1-75D0-48F3-9A3F-872A8E5B71F9}.Release|Any CPU.Build.0 = Release|Any CPU
	EndGlobalSection
	GlobalSection(SolutionProperties) = preSolution
		HideSolutionNode = FALSE
	EndGlobalSection
	GlobalSection(ExtensibilityGlobals) = postSolution
		SolutionGuid = {D88E2DAB-EC5C-4F06-B278-5B738FBBB992}
	EndGlobalSection
EndGlobal
