
Microsoft Visual Studio Solution File, Format Version 12.00
# Visual Studio Version 16
VisualStudioVersion = 16.0.29424.173
MinimumVisualStudioVersion = 10.0.40219.1
Project("{9A19103F-16F7-4668-BE54-9A1E7A4F7556}") = "Dev1", "Dev1\Dev1.csproj", "{31BA1344-D1D8-40FD-802E-FBCC87BCFA24}"
EndProject
Project("{FAE04EC0-301F-11D3-BF4B-00C04F79EFBC}") = "TestOfWorkWithString", "TestOfWorkWithString\TestOfWorkWithString.csproj", "{E120D11E-5260-48A3-9205-87614FAE3882}"
EndProject
Global
	GlobalSection(SolutionConfigurationPlatforms) = preSolution
		Debug|Any CPU = Debug|Any CPU
		Release|Any CPU = Release|Any CPU
	EndGlobalSection
	GlobalSection(ProjectConfigurationPlatforms) = postSolution
		{31BA1344-D1D8-40FD-802E-FBCC87BCFA24}.Debug|Any CPU.ActiveCfg = Debug|Any CPU
		{31BA1344-D1D8-40FD-802E-FBCC87BCFA24}.Debug|Any CPU.Build.0 = Debug|Any CPU
		{31BA1344-D1D8-40FD-802E-FBCC87BCFA24}.Release|Any CPU.ActiveCfg = Release|Any CPU
		{31BA1344-D1D8-40FD-802E-FBCC87BCFA24}.Release|Any CPU.Build.0 = Release|Any CPU
		{E120D11E-5260-48A3-9205-87614FAE3882}.Debug|Any CPU.ActiveCfg = Debug|Any CPU
		{E120D11E-5260-48A3-9205-87614FAE3882}.Debug|Any CPU.Build.0 = Debug|Any CPU
		{E120D11E-5260-48A3-9205-87614FAE3882}.Release|Any CPU.ActiveCfg = Release|Any CPU
		{E120D11E-5260-48A3-9205-87614FAE3882}.Release|Any CPU.Build.0 = Release|Any CPU
	EndGlobalSection
	GlobalSection(SolutionProperties) = preSolution
		HideSolutionNode = FALSE
	EndGlobalSection
	GlobalSection(ExtensibilityGlobals) = postSolution
		SolutionGuid = {CE41DDE2-3C20-42EC-9B97-8D919A15F066}
	EndGlobalSection
EndGlobal
