
Microsoft Visual Studio Solution File, Format Version 12.00
# Visual Studio Version 16
VisualStudioVersion = 16.0.29424.173
MinimumVisualStudioVersion = 10.0.40219.1
Project("{FAE04EC0-301F-11D3-BF4B-00C04F79EFBC}") = "Dev2", "Dev2\Dev2.csproj", "{37F24CE4-E290-4AD8-82F3-0C39756860D6}"
EndProject
Project("{FAE04EC0-301F-11D3-BF4B-00C04F79EFBC}") = "Dev2Tests", "TestConvertingFromDecimalToAnotherSystem\Dev2Tests.csproj", "{00571485-8A59-45D4-9531-02C9DB1A97A5}"
EndProject
Global
	GlobalSection(SolutionConfigurationPlatforms) = preSolution
		Debug|Any CPU = Debug|Any CPU
		Release|Any CPU = Release|Any CPU
	EndGlobalSection
	GlobalSection(ProjectConfigurationPlatforms) = postSolution
		{37F24CE4-E290-4AD8-82F3-0C39756860D6}.Debug|Any CPU.ActiveCfg = Debug|Any CPU
		{37F24CE4-E290-4AD8-82F3-0C39756860D6}.Debug|Any CPU.Build.0 = Debug|Any CPU
		{37F24CE4-E290-4AD8-82F3-0C39756860D6}.Release|Any CPU.ActiveCfg = Release|Any CPU
		{37F24CE4-E290-4AD8-82F3-0C39756860D6}.Release|Any CPU.Build.0 = Release|Any CPU
		{00571485-8A59-45D4-9531-02C9DB1A97A5}.Debug|Any CPU.ActiveCfg = Debug|Any CPU
		{00571485-8A59-45D4-9531-02C9DB1A97A5}.Debug|Any CPU.Build.0 = Debug|Any CPU
		{00571485-8A59-45D4-9531-02C9DB1A97A5}.Release|Any CPU.ActiveCfg = Release|Any CPU
		{00571485-8A59-45D4-9531-02C9DB1A97A5}.Release|Any CPU.Build.0 = Release|Any CPU
	EndGlobalSection
	GlobalSection(SolutionProperties) = preSolution
		HideSolutionNode = FALSE
	EndGlobalSection
	GlobalSection(ExtensibilityGlobals) = postSolution
		SolutionGuid = {0E49A79D-A80C-4D69-868B-4F0BF4DA5DCD}
	EndGlobalSection
EndGlobal
