
Microsoft Visual Studio Solution File, Format Version 12.00
# Visual Studio Version 16
VisualStudioVersion = 16.0.29424.173
MinimumVisualStudioVersion = 10.0.40219.1
Project("{9A19103F-16F7-4668-BE54-9A1E7A4F7556}") = "Dev3", "Dev3\Dev3.csproj", "{FBF7127C-0538-4B0B-A531-FF2DDC3E8A47}"
EndProject
Project("{FAE04EC0-301F-11D3-BF4B-00C04F79EFBC}") = "Dev3.Tests", "Dev3.Tests\Dev3.Tests.csproj", "{83623486-2BF4-4AB6-AEF6-29EF97AAEC73}"
	ProjectSection(ProjectDependencies) = postProject
		{FBF7127C-0538-4B0B-A531-FF2DDC3E8A47} = {FBF7127C-0538-4B0B-A531-FF2DDC3E8A47}
	EndProjectSection
EndProject
Global
	GlobalSection(SolutionConfigurationPlatforms) = preSolution
		Debug|Any CPU = Debug|Any CPU
		Release|Any CPU = Release|Any CPU
	EndGlobalSection
	GlobalSection(ProjectConfigurationPlatforms) = postSolution
		{FBF7127C-0538-4B0B-A531-FF2DDC3E8A47}.Debug|Any CPU.ActiveCfg = Debug|Any CPU
		{FBF7127C-0538-4B0B-A531-FF2DDC3E8A47}.Debug|Any CPU.Build.0 = Debug|Any CPU
		{FBF7127C-0538-4B0B-A531-FF2DDC3E8A47}.Release|Any CPU.ActiveCfg = Release|Any CPU
		{FBF7127C-0538-4B0B-A531-FF2DDC3E8A47}.Release|Any CPU.Build.0 = Release|Any CPU
		{83623486-2BF4-4AB6-AEF6-29EF97AAEC73}.Debug|Any CPU.ActiveCfg = Debug|Any CPU
		{83623486-2BF4-4AB6-AEF6-29EF97AAEC73}.Debug|Any CPU.Build.0 = Debug|Any CPU
		{83623486-2BF4-4AB6-AEF6-29EF97AAEC73}.Release|Any CPU.ActiveCfg = Release|Any CPU
		{83623486-2BF4-4AB6-AEF6-29EF97AAEC73}.Release|Any CPU.Build.0 = Release|Any CPU
	EndGlobalSection
	GlobalSection(SolutionProperties) = preSolution
		HideSolutionNode = FALSE
	EndGlobalSection
	GlobalSection(ExtensibilityGlobals) = postSolution
		SolutionGuid = {65FD910A-666A-4E3D-A432-28CE9E0E3BD3}
	EndGlobalSection
EndGlobal
